// !$*UTF8*$!
{
	archiveVersion = 1;
	classes = {
	};
	objectVersion = 56;
	objects = {

/* Begin PBXBuildFile section */
		840CB25F2C6D996800B2D356 /* brightontechnicaltestApp.swift in Sources */ = {isa = PBXBuildFile; fileRef = 840CB25E2C6D996800B2D356 /* brightontechnicaltestApp.swift */; };
		840CB2612C6D996800B2D356 /* ContentView.swift in Sources */ = {isa = PBXBuildFile; fileRef = 840CB2602C6D996800B2D356 /* ContentView.swift */; };
		840CB2632C6D996A00B2D356 /* Assets.xcassets in Resources */ = {isa = PBXBuildFile; fileRef = 840CB2622C6D996A00B2D356 /* Assets.xcassets */; };
		840CB2672C6D996A00B2D356 /* Preview Assets.xcassets in Resources */ = {isa = PBXBuildFile; fileRef = 840CB2662C6D996A00B2D356 /* Preview Assets.xcassets */; };
		840CB2712C6D99C000B2D356 /* Movie.swift in Sources */ = {isa = PBXBuildFile; fileRef = 840CB2702C6D99C000B2D356 /* Movie.swift */; };
		840CB2752C6D9A0000B2D356 /* OMDB_API.swift in Sources */ = {isa = PBXBuildFile; fileRef = 840CB2742C6D9A0000B2D356 /* OMDB_API.swift */; };
		840CB2772C6D9BE400B2D356 /* MovieListItemView.swift in Sources */ = {isa = PBXBuildFile; fileRef = 840CB2762C6D9BE400B2D356 /* MovieListItemView.swift */; };
		840CB2792C6D9D3800B2D356 /* MovieListView.swift in Sources */ = {isa = PBXBuildFile; fileRef = 840CB2782C6D9D3800B2D356 /* MovieListView.swift */; };
		840CB27B2C6D9DA100B2D356 /* MovieDetailView.swift in Sources */ = {isa = PBXBuildFile; fileRef = 840CB27A2C6D9DA100B2D356 /* MovieDetailView.swift */; };
		840CB27D2C6D9F9600B2D356 /* MovieViewModel.swift in Sources */ = {isa = PBXBuildFile; fileRef = 840CB27C2C6D9F9600B2D356 /* MovieViewModel.swift */; };
		840CB2812C6DBEB800B2D356 /* ScreenInformation.swift in Sources */ = {isa = PBXBuildFile; fileRef = 840CB2802C6DBEB800B2D356 /* ScreenInformation.swift */; };
		840CB2832C6DC82300B2D356 /* MovieListItemFavorite.swift in Sources */ = {isa = PBXBuildFile; fileRef = 840CB2822C6DC82300B2D356 /* MovieListItemFavorite.swift */; };
/* End PBXBuildFile section */

/* Begin PBXFileReference section */
		840CB25B2C6D996800B2D356 /* brightontechnicaltest.app */ = {isa = PBXFileReference; explicitFileType = wrapper.application; includeInIndex = 0; path = brightontechnicaltest.app; sourceTree = BUILT_PRODUCTS_DIR; };
		840CB25E2C6D996800B2D356 /* brightontechnicaltestApp.swift */ = {isa = PBXFileReference; lastKnownFileType = sourcecode.swift; path = brightontechnicaltestApp.swift; sourceTree = "<group>"; };
		840CB2602C6D996800B2D356 /* ContentView.swift */ = {isa = PBXFileReference; lastKnownFileType = sourcecode.swift; path = ContentView.swift; sourceTree = "<group>"; };
		840CB2622C6D996A00B2D356 /* Assets.xcassets */ = {isa = PBXFileReference; lastKnownFileType = folder.assetcatalog; path = Assets.xcassets; sourceTree = "<group>"; };
		840CB2642C6D996A00B2D356 /* brightontechnicaltest.entitlements */ = {isa = PBXFileReference; lastKnownFileType = text.plist.entitlements; path = brightontechnicaltest.entitlements; sourceTree = "<group>"; };
		840CB2662C6D996A00B2D356 /* Preview Assets.xcassets */ = {isa = PBXFileReference; lastKnownFileType = folder.assetcatalog; path = "Preview Assets.xcassets"; sourceTree = "<group>"; };
		840CB2702C6D99C000B2D356 /* Movie.swift */ = {isa = PBXFileReference; lastKnownFileType = sourcecode.swift; path = Movie.swift; sourceTree = "<group>"; };
		840CB2742C6D9A0000B2D356 /* OMDB_API.swift */ = {isa = PBXFileReference; lastKnownFileType = sourcecode.swift; path = OMDB_API.swift; sourceTree = "<group>"; };
		840CB2762C6D9BE400B2D356 /* MovieListItemView.swift */ = {isa = PBXFileReference; lastKnownFileType = sourcecode.swift; path = MovieListItemView.swift; sourceTree = "<group>"; };
		840CB2782C6D9D3800B2D356 /* MovieListView.swift */ = {isa = PBXFileReference; lastKnownFileType = sourcecode.swift; path = MovieListView.swift; sourceTree = "<group>"; };
		840CB27A2C6D9DA100B2D356 /* MovieDetailView.swift */ = {isa = PBXFileReference; lastKnownFileType = sourcecode.swift; path = MovieDetailView.swift; sourceTree = "<group>"; };
		840CB27C2C6D9F9600B2D356 /* MovieViewModel.swift */ = {isa = PBXFileReference; lastKnownFileType = sourcecode.swift; path = MovieViewModel.swift; sourceTree = "<group>"; };
		840CB27E2C6DB06100B2D356 /* Info.plist */ = {isa = PBXFileReference; lastKnownFileType = text.plist; path = Info.plist; sourceTree = "<group>"; };
		840CB2802C6DBEB800B2D356 /* ScreenInformation.swift */ = {isa = PBXFileReference; lastKnownFileType = sourcecode.swift; path = ScreenInformation.swift; sourceTree = "<group>"; };
		840CB2822C6DC82300B2D356 /* MovieListItemFavorite.swift */ = {isa = PBXFileReference; lastKnownFileType = sourcecode.swift; path = MovieListItemFavorite.swift; sourceTree = "<group>"; };
/* End PBXFileReference section */

/* Begin PBXFrameworksBuildPhase section */
		840CB2582C6D996800B2D356 /* Frameworks */ = {
			isa = PBXFrameworksBuildPhase;
			buildActionMask = 2147483647;
			files = (
			);
			runOnlyForDeploymentPostprocessing = 0;
		};
/* End PBXFrameworksBuildPhase section */

/* Begin PBXGroup section */
		840CB2522C6D996800B2D356 = {
			isa = PBXGroup;
			children = (
				840CB25D2C6D996800B2D356 /* brightontechnicaltest */,
				840CB25C2C6D996800B2D356 /* Products */,
			);
			sourceTree = "<group>";
		};
		840CB25C2C6D996800B2D356 /* Products */ = {
			isa = PBXGroup;
			children = (
				840CB25B2C6D996800B2D356 /* brightontechnicaltest.app */,
			);
			name = Products;
			sourceTree = "<group>";
		};
		840CB25D2C6D996800B2D356 /* brightontechnicaltest */ = {
			isa = PBXGroup;
			children = (
				840CB27F2C6DBEAE00B2D356 /* Helper */,
				840CB27E2C6DB06100B2D356 /* Info.plist */,
				840CB25E2C6D996800B2D356 /* brightontechnicaltestApp.swift */,
				840CB2602C6D996800B2D356 /* ContentView.swift */,
				840CB2732C6D99F500B2D356 /* Const */,
				840CB26F2C6D99B000B2D356 /* ViewModel */,
				840CB26E2C6D99AD00B2D356 /* View */,
				840CB26D2C6D99A800B2D356 /* Model */,
				840CB2622C6D996A00B2D356 /* Assets.xcassets */,
				840CB2642C6D996A00B2D356 /* brightontechnicaltest.entitlements */,
				840CB2652C6D996A00B2D356 /* Preview Content */,
			);
			path = brightontechnicaltest;
			sourceTree = "<group>";
		};
		840CB2652C6D996A00B2D356 /* Preview Content */ = {
			isa = PBXGroup;
			children = (
				840CB2662C6D996A00B2D356 /* Preview Assets.xcassets */,
			);
			path = "Preview Content";
			sourceTree = "<group>";
		};
		840CB26D2C6D99A800B2D356 /* Model */ = {
			isa = PBXGroup;
			children = (
				840CB2702C6D99C000B2D356 /* Movie.swift */,
			);
			path = Model;
			sourceTree = "<group>";
		};
		840CB26E2C6D99AD00B2D356 /* View */ = {
			isa = PBXGroup;
			children = (
				840CB2762C6D9BE400B2D356 /* MovieListItemView.swift */,
				840CB2782C6D9D3800B2D356 /* MovieListView.swift */,
				840CB27A2C6D9DA100B2D356 /* MovieDetailView.swift */,
				840CB2822C6DC82300B2D356 /* MovieListItemFavorite.swift */,
			);
			path = View;
			sourceTree = "<group>";
		};
		840CB26F2C6D99B000B2D356 /* ViewModel */ = {
			isa = PBXGroup;
			children = (
				840CB27C2C6D9F9600B2D356 /* MovieViewModel.swift */,
			);
			path = ViewModel;
			sourceTree = "<group>";
		};
		840CB2732C6D99F500B2D356 /* Const */ = {
			isa = PBXGroup;
			children = (
				840CB2742C6D9A0000B2D356 /* OMDB_API.swift */,
			);
			path = Const;
			sourceTree = "<group>";
		};
		840CB27F2C6DBEAE00B2D356 /* Helper */ = {
			isa = PBXGroup;
			children = (
				840CB2802C6DBEB800B2D356 /* ScreenInformation.swift */,
			);
			path = Helper;
			sourceTree = "<group>";
		};
/* End PBXGroup section */

/* Begin PBXNativeTarget section */
		840CB25A2C6D996800B2D356 /* brightontechnicaltest */ = {
			isa = PBXNativeTarget;
			buildConfigurationList = 840CB26A2C6D996A00B2D356 /* Build configuration list for PBXNativeTarget "brightontechnicaltest" */;
			buildPhases = (
				840CB2572C6D996800B2D356 /* Sources */,
				840CB2582C6D996800B2D356 /* Frameworks */,
				840CB2592C6D996800B2D356 /* Resources */,
			);
			buildRules = (
			);
			dependencies = (
			);
			name = brightontechnicaltest;
			productName = brightontechnicaltest;
			productReference = 840CB25B2C6D996800B2D356 /* brightontechnicaltest.app */;
			productType = "com.apple.product-type.application";
		};
/* End PBXNativeTarget section */

/* Begin PBXProject section */
		840CB2532C6D996800B2D356 /* Project object */ = {
			isa = PBXProject;
			attributes = {
				BuildIndependentTargetsInParallel = 1;
				LastSwiftUpdateCheck = 1500;
				LastUpgradeCheck = 1500;
				TargetAttributes = {
					840CB25A2C6D996800B2D356 = {
						CreatedOnToolsVersion = 15.0;
					};
				};
			};
			buildConfigurationList = 840CB2562C6D996800B2D356 /* Build configuration list for PBXProject "brightontechnicaltest" */;
			compatibilityVersion = "Xcode 14.0";
			developmentRegion = en;
			hasScannedForEncodings = 0;
			knownRegions = (
				en,
				Base,
			);
			mainGroup = 840CB2522C6D996800B2D356;
			productRefGroup = 840CB25C2C6D996800B2D356 /* Products */;
			projectDirPath = "";
			projectRoot = "";
			targets = (
				840CB25A2C6D996800B2D356 /* brightontechnicaltest */,
			);
		};
/* End PBXProject section */

/* Begin PBXResourcesBuildPhase section */
		840CB2592C6D996800B2D356 /* Resources */ = {
			isa = PBXResourcesBuildPhase;
			buildActionMask = 2147483647;
			files = (
				840CB2672C6D996A00B2D356 /* Preview Assets.xcassets in Resources */,
				840CB2632C6D996A00B2D356 /* Assets.xcassets in Resources */,
			);
			runOnlyForDeploymentPostprocessing = 0;
		};
/* End PBXResourcesBuildPhase section */

/* Begin PBXSourcesBuildPhase section */
		840CB2572C6D996800B2D356 /* Sources */ = {
			isa = PBXSourcesBuildPhase;
			buildActionMask = 2147483647;
			files = (
				840CB2612C6D996800B2D356 /* ContentView.swift in Sources */,
				840CB2812C6DBEB800B2D356 /* ScreenInformation.swift in Sources */,
				840CB2772C6D9BE400B2D356 /* MovieListItemView.swift in Sources */,
				840CB2752C6D9A0000B2D356 /* OMDB_API.swift in Sources */,
				840CB27D2C6D9F9600B2D356 /* MovieViewModel.swift in Sources */,
				840CB25F2C6D996800B2D356 /* brightontechnicaltestApp.swift in Sources */,
				840CB2712C6D99C000B2D356 /* Movie.swift in Sources */,
				840CB2832C6DC82300B2D356 /* MovieListItemFavorite.swift in Sources */,
				840CB2792C6D9D3800B2D356 /* MovieListView.swift in Sources */,
				840CB27B2C6D9DA100B2D356 /* MovieDetailView.swift in Sources */,
			);
			runOnlyForDeploymentPostprocessing = 0;
		};
/* End PBXSourcesBuildPhase section */

/* Begin XCBuildConfiguration section */
		840CB2682C6D996A00B2D356 /* Debug */ = {
			isa = XCBuildConfiguration;
			buildSettings = {
				ALWAYS_SEARCH_USER_PATHS = NO;
				ASSETCATALOG_COMPILER_GENERATE_SWIFT_ASSET_SYMBOL_EXTENSIONS = YES;
				CLANG_ANALYZER_NONNULL = YES;
				CLANG_ANALYZER_NUMBER_OBJECT_CONVERSION = YES_AGGRESSIVE;
				CLANG_CXX_LANGUAGE_STANDARD = "gnu++20";
				CLANG_ENABLE_MODULES = YES;
				CLANG_ENABLE_OBJC_ARC = YES;
				CLANG_ENABLE_OBJC_WEAK = YES;
				CLANG_WARN_BLOCK_CAPTURE_AUTORELEASING = YES;
				CLANG_WARN_BOOL_CONVERSION = YES;
				CLANG_WARN_COMMA = YES;
				CLANG_WARN_CONSTANT_CONVERSION = YES;
				CLANG_WARN_DEPRECATED_OBJC_IMPLEMENTATIONS = YES;
				CLANG_WARN_DIRECT_OBJC_ISA_USAGE = YES_ERROR;
				CLANG_WARN_DOCUMENTATION_COMMENTS = YES;
				CLANG_WARN_EMPTY_BODY = YES;
				CLANG_WARN_ENUM_CONVERSION = YES;
				CLANG_WARN_INFINITE_RECURSION = YES;
				CLANG_WARN_INT_CONVERSION = YES;
				CLANG_WARN_NON_LITERAL_NULL_CONVERSION = YES;
				CLANG_WARN_OBJC_IMPLICIT_RETAIN_SELF = YES;
				CLANG_WARN_OBJC_LITERAL_CONVERSION = YES;
				CLANG_WARN_OBJC_ROOT_CLASS = YES_ERROR;
				CLANG_WARN_QUOTED_INCLUDE_IN_FRAMEWORK_HEADER = YES;
				CLANG_WARN_RANGE_LOOP_ANALYSIS = YES;
				CLANG_WARN_STRICT_PROTOTYPES = YES;
				CLANG_WARN_SUSPICIOUS_MOVE = YES;
				CLANG_WARN_UNGUARDED_AVAILABILITY = YES_AGGRESSIVE;
				CLANG_WARN_UNREACHABLE_CODE = YES;
				CLANG_WARN__DUPLICATE_METHOD_MATCH = YES;
				COPY_PHASE_STRIP = NO;
				DEBUG_INFORMATION_FORMAT = dwarf;
				ENABLE_STRICT_OBJC_MSGSEND = YES;
				ENABLE_TESTABILITY = YES;
				ENABLE_USER_SCRIPT_SANDBOXING = YES;
				GCC_C_LANGUAGE_STANDARD = gnu17;
				GCC_DYNAMIC_NO_PIC = NO;
				GCC_NO_COMMON_BLOCKS = YES;
				GCC_OPTIMIZATION_LEVEL = 0;
				GCC_PREPROCESSOR_DEFINITIONS = (
					"DEBUG=1",
					"$(inherited)",
				);
				GCC_WARN_64_TO_32_BIT_CONVERSION = YES;
				GCC_WARN_ABOUT_RETURN_TYPE = YES_ERROR;
				GCC_WARN_UNDECLARED_SELECTOR = YES;
				GCC_WARN_UNINITIALIZED_AUTOS = YES_AGGRESSIVE;
				GCC_WARN_UNUSED_FUNCTION = YES;
				GCC_WARN_UNUSED_VARIABLE = YES;
				LOCALIZATION_PREFERS_STRING_CATALOGS = YES;
				MTL_ENABLE_DEBUG_INFO = INCLUDE_SOURCE;
				MTL_FAST_MATH = YES;
				ONLY_ACTIVE_ARCH = YES;
				SWIFT_ACTIVE_COMPILATION_CONDITIONS = "DEBUG $(inherited)";
				SWIFT_OPTIMIZATION_LEVEL = "-Onone";
			};
			name = Debug;
		};
		840CB2692C6D996A00B2D356 /* Release */ = {
			isa = XCBuildConfiguration;
			buildSettings = {
				ALWAYS_SEARCH_USER_PATHS = NO;
				ASSETCATALOG_COMPILER_GENERATE_SWIFT_ASSET_SYMBOL_EXTENSIONS = YES;
				CLANG_ANALYZER_NONNULL = YES;
				CLANG_ANALYZER_NUMBER_OBJECT_CONVERSION = YES_AGGRESSIVE;
				CLANG_CXX_LANGUAGE_STANDARD = "gnu++20";
				CLANG_ENABLE_MODULES = YES;
				CLANG_ENABLE_OBJC_ARC = YES;
				CLANG_ENABLE_OBJC_WEAK = YES;
				CLANG_WARN_BLOCK_CAPTURE_AUTORELEASING = YES;
				CLANG_WARN_BOOL_CONVERSION = YES;
				CLANG_WARN_COMMA = YES;
				CLANG_WARN_CONSTANT_CONVERSION = YES;
				CLANG_WARN_DEPRECATED_OBJC_IMPLEMENTATIONS = YES;
				CLANG_WARN_DIRECT_OBJC_ISA_USAGE = YES_ERROR;
				CLANG_WARN_DOCUMENTATION_COMMENTS = YES;
				CLANG_WARN_EMPTY_BODY = YES;
				CLANG_WARN_ENUM_CONVERSION = YES;
				CLANG_WARN_INFINITE_RECURSION = YES;
				CLANG_WARN_INT_CONVERSION = YES;
				CLANG_WARN_NON_LITERAL_NULL_CONVERSION = YES;
				CLANG_WARN_OBJC_IMPLICIT_RETAIN_SELF = YES;
				CLANG_WARN_OBJC_LITERAL_CONVERSION = YES;
				CLANG_WARN_OBJC_ROOT_CLASS = YES_ERROR;
				CLANG_WARN_QUOTED_INCLUDE_IN_FRAMEWORK_HEADER = YES;
				CLANG_WARN_RANGE_LOOP_ANALYSIS = YES;
				CLANG_WARN_STRICT_PROTOTYPES = YES;
				CLANG_WARN_SUSPICIOUS_MOVE = YES;
				CLANG_WARN_UNGUARDED_AVAILABILITY = YES_AGGRESSIVE;
				CLANG_WARN_UNREACHABLE_CODE = YES;
				CLANG_WARN__DUPLICATE_METHOD_MATCH = YES;
				COPY_PHASE_STRIP = NO;
				DEBUG_INFORMATION_FORMAT = "dwarf-with-dsym";
				ENABLE_NS_ASSERTIONS = NO;
				ENABLE_STRICT_OBJC_MSGSEND = YES;
				ENABLE_USER_SCRIPT_SANDBOXING = YES;
				GCC_C_LANGUAGE_STANDARD = gnu17;
				GCC_NO_COMMON_BLOCKS = YES;
				GCC_WARN_64_TO_32_BIT_CONVERSION = YES;
				GCC_WARN_ABOUT_RETURN_TYPE = YES_ERROR;
				GCC_WARN_UNDECLARED_SELECTOR = YES;
				GCC_WARN_UNINITIALIZED_AUTOS = YES_AGGRESSIVE;
				GCC_WARN_UNUSED_FUNCTION = YES;
				GCC_WARN_UNUSED_VARIABLE = YES;
				LOCALIZATION_PREFERS_STRING_CATALOGS = YES;
				MTL_ENABLE_DEBUG_INFO = NO;
				MTL_FAST_MATH = YES;
				SWIFT_COMPILATION_MODE = wholemodule;
			};
			name = Release;
		};
		840CB26B2C6D996A00B2D356 /* Debug */ = {
			isa = XCBuildConfiguration;
			buildSettings = {
				ASSETCATALOG_COMPILER_APPICON_NAME = AppIcon;
				ASSETCATALOG_COMPILER_GLOBAL_ACCENT_COLOR_NAME = AccentColor;
				CODE_SIGN_ENTITLEMENTS = brightontechnicaltest/brightontechnicaltest.entitlements;
				CODE_SIGN_STYLE = Automatic;
				CURRENT_PROJECT_VERSION = 1;
				DEVELOPMENT_ASSET_PATHS = "\"brightontechnicaltest/Preview Content\"";
				DEVELOPMENT_TEAM = 2KW4763FM3;
				ENABLE_HARDENED_RUNTIME = YES;
				ENABLE_PREVIEWS = YES;
				GENERATE_INFOPLIST_FILE = YES;
				INFOPLIST_FILE = brightontechnicaltest/Info.plist;
				"INFOPLIST_KEY_UIApplicationSceneManifest_Generation[sdk=iphoneos*]" = YES;
				"INFOPLIST_KEY_UIApplicationSceneManifest_Generation[sdk=iphonesimulator*]" = YES;
				"INFOPLIST_KEY_UIApplicationSupportsIndirectInputEvents[sdk=iphoneos*]" = YES;
				"INFOPLIST_KEY_UIApplicationSupportsIndirectInputEvents[sdk=iphonesimulator*]" = YES;
				"INFOPLIST_KEY_UILaunchScreen_Generation[sdk=iphoneos*]" = YES;
				"INFOPLIST_KEY_UILaunchScreen_Generation[sdk=iphonesimulator*]" = YES;
				"INFOPLIST_KEY_UIStatusBarStyle[sdk=iphoneos*]" = UIStatusBarStyleDefault;
				"INFOPLIST_KEY_UIStatusBarStyle[sdk=iphonesimulator*]" = UIStatusBarStyleDefault;
				INFOPLIST_KEY_UISupportedInterfaceOrientations_iPad = "UIInterfaceOrientationPortrait UIInterfaceOrientationPortraitUpsideDown UIInterfaceOrientationLandscapeLeft UIInterfaceOrientationLandscapeRight";
				INFOPLIST_KEY_UISupportedInterfaceOrientations_iPhone = "UIInterfaceOrientationPortrait UIInterfaceOrientationLandscapeLeft UIInterfaceOrientationLandscapeRight";
				IPHONEOS_DEPLOYMENT_TARGET = 17.0;
				LD_RUNPATH_SEARCH_PATHS = "@executable_path/Frameworks";
				"LD_RUNPATH_SEARCH_PATHS[sdk=macosx*]" = "@executable_path/../Frameworks";
				MACOSX_DEPLOYMENT_TARGET = 14.0;
				MARKETING_VERSION = 1.0;
				PRODUCT_BUNDLE_IDENTIFIER = self.brightontechnicaltest;
				PRODUCT_NAME = "$(TARGET_NAME)";
				SDKROOT = auto;
				SUPPORTED_PLATFORMS = "iphoneos iphonesimulator macosx";
				SWIFT_EMIT_LOC_STRINGS = YES;
				SWIFT_VERSION = 5.0;
				TARGETED_DEVICE_FAMILY = "1,2";
			};
			name = Debug;
		};
		840CB26C2C6D996A00B2D356 /* Release */ = {
			isa = XCBuildConfiguration;
			buildSettings = {
				ASSETCATALOG_COMPILER_APPICON_NAME = AppIcon;
				ASSETCATALOG_COMPILER_GLOBAL_ACCENT_COLOR_NAME = AccentColor;
				CODE_SIGN_ENTITLEMENTS = brightontechnicaltest/brightontechnicaltest.entitlements;
				CODE_SIGN_STYLE = Automatic;
				CURRENT_PROJECT_VERSION = 1;
				DEVELOPMENT_ASSET_PATHS = "\"brightontechnicaltest/Preview Content\"";
				DEVELOPMENT_TEAM = 2KW4763FM3;
				ENABLE_HARDENED_RUNTIME = YES;
				ENABLE_PREVIEWS = YES;
				GENERATE_INFOPLIST_FILE = YES;
				INFOPLIST_FILE = brightontechnicaltest/Info.plist;
				"INFOPLIST_KEY_UIApplicationSceneManifest_Generation[sdk=iphoneos*]" = YES;
				"INFOPLIST_KEY_UIApplicationSceneManifest_Generation[sdk=iphonesimulator*]" = YES;
				"INFOPLIST_KEY_UIApplicationSupportsIndirectInputEvents[sdk=iphoneos*]" = YES;
				"INFOPLIST_KEY_UIApplicationSupportsIndirectInputEvents[sdk=iphonesimulator*]" = YES;
				"INFOPLIST_KEY_UILaunchScreen_Generation[sdk=iphoneos*]" = YES;
				"INFOPLIST_KEY_UILaunchScreen_Generation[sdk=iphonesimulator*]" = YES;
				"INFOPLIST_KEY_UIStatusBarStyle[sdk=iphoneos*]" = UIStatusBarStyleDefault;
				"INFOPLIST_KEY_UIStatusBarStyle[sdk=iphonesimulator*]" = UIStatusBarStyleDefault;
				INFOPLIST_KEY_UISupportedInterfaceOrientations_iPad = "UIInterfaceOrientationPortrait UIInterfaceOrientationPortraitUpsideDown UIInterfaceOrientationLandscapeLeft UIInterfaceOrientationLandscapeRight";
				INFOPLIST_KEY_UISupportedInterfaceOrientations_iPhone = "UIInterfaceOrientationPortrait UIInterfaceOrientationLandscapeLeft UIInterfaceOrientationLandscapeRight";
				IPHONEOS_DEPLOYMENT_TARGET = 17.0;
				LD_RUNPATH_SEARCH_PATHS = "@executable_path/Frameworks";
				"LD_RUNPATH_SEARCH_PATHS[sdk=macosx*]" = "@executable_path/../Frameworks";
				MACOSX_DEPLOYMENT_TARGET = 14.0;
				MARKETING_VERSION = 1.0;
				PRODUCT_BUNDLE_IDENTIFIER = self.brightontechnicaltest;
				PRODUCT_NAME = "$(TARGET_NAME)";
				SDKROOT = auto;
				SUPPORTED_PLATFORMS = "iphoneos iphonesimulator macosx";
				SWIFT_EMIT_LOC_STRINGS = YES;
				SWIFT_VERSION = 5.0;
				TARGETED_DEVICE_FAMILY = "1,2";
			};
			name = Release;
		};
/* End XCBuildConfiguration section */

/* Begin XCConfigurationList section */
		840CB2562C6D996800B2D356 /* Build configuration list for PBXProject "brightontechnicaltest" */ = {
			isa = XCConfigurationList;
			buildConfigurations = (
				840CB2682C6D996A00B2D356 /* Debug */,
				840CB2692C6D996A00B2D356 /* Release */,
			);
			defaultConfigurationIsVisible = 0;
			defaultConfigurationName = Release;
		};
		840CB26A2C6D996A00B2D356 /* Build configuration list for PBXNativeTarget "brightontechnicaltest" */ = {
			isa = XCConfigurationList;
			buildConfigurations = (
				840CB26B2C6D996A00B2D356 /* Debug */,
				840CB26C2C6D996A00B2D356 /* Release */,
			);
			defaultConfigurationIsVisible = 0;
			defaultConfigurationName = Release;
		};
/* End XCConfigurationList section */
	};
	rootObject = 840CB2532C6D996800B2D356 /* Project object */;
}
